{
  "name": "wx",
  "lockfileVersion": 2,
  "requires": true,
  "packages": {
    "": {
      "dependencies": {
        "loader": "file:../declare"
      }
    },
    "../declare": {},
    "node_modules/loader": {
      "resolved": "../declare",
      "link": true
    }
  },
  "dependencies": {
    "loader": {
      "version": "file:../declare"
    }
  }
}
