{
    "name": "spine",
    "lockfileVersion": 2,
    "requires": true,
    "packages": {
        "": {
            "name": "spine",
            "dependencies": {
                "@esotericsoftware/spine-core": "^4.2.70",
                "engine": "file:../engine",
                "gfx": "file:../gfx/declare"
            }
        },
        "../engine": {
            "dependencies": {
                "assets": "file:../assets",
                "bastard": "file:../bastard",
                "boot": "file:../boot/declare",
                "bundling": "file:../bundling",
                "gfx": "file:../gfx/declare",
                "yaml": "^2.3.2"
            }
        },
        "../gfx/declare": {
            "name": "gfx"
        },
        "node_modules/@esotericsoftware/spine-core": {
            "version": "4.2.70",
            "resolved": "https://registry.npmjs.org/@esotericsoftware/spine-core/-/spine-core-4.2.70.tgz",
            "integrity": "sha512-J7DS6Z5tlZTOyqio1naY8K8OeRByE62AtBix/4aNUgrIFSHjPj0yDrp87UjOPKc5V5cJPasoqpmFO8By0N9egw==",
            "license": "LicenseRef-LICENSE"
        },
        "node_modules/engine": {
            "resolved": "../engine",
            "link": true
        },
        "node_modules/gfx": {
            "resolved": "../gfx/declare",
            "link": true
        }
    },
    "dependencies": {
        "@esotericsoftware/spine-core": {
            "version": "4.2.70",
            "resolved": "https://registry.npmjs.org/@esotericsoftware/spine-core/-/spine-core-4.2.70.tgz",
            "integrity": "sha512-J7DS6Z5tlZTOyqio1naY8K8OeRByE62AtBix/4aNUgrIFSHjPj0yDrp87UjOPKc5V5cJPasoqpmFO8By0N9egw=="
        },
        "engine": {
            "version": "file:../engine",
            "requires": {
                "assets": "file:../assets",
                "bastard": "file:../bastard",
                "boot": "file:../boot/declare",
                "bundling": "file:../bundling",
                "gfx": "file:../gfx/declare",
                "yaml": "^2.3.2"
            }
        },
        "gfx": {
            "version": "file:../gfx/declare"
        }
    }
}
