{
    "name": "spine",
    "lockfileVersion": 2,
    "requires": true,
    "packages": {
        "": {
            "name": "spine",
            "dependencies": {
                "@esotericsoftware/spine-core": "^4.2.23",
                "engine": "file:../engine",
                "gfx": "file:../gfx/declare"
            }
        },
        "../engine": {
            "dependencies": {
                "assets": "file:../assets",
                "bastard": "file:../bastard",
                "boot": "file:../boot/declare",
                "bundling": "file:../bundling",
                "gfx": "file:../gfx/declare",
                "yaml": "^2.3.2"
            }
        },
        "../gfx/declare": {
            "name": "gfx",
            "dependencies": {
                "gfx-common": "file:../common"
            }
        },
        "node_modules/@esotericsoftware/spine-core": {
            "version": "4.2.23",
            "resolved": "https://registry.npmjs.org/@esotericsoftware/spine-core/-/spine-core-4.2.23.tgz",
            "integrity": "sha512-B6A5O4X5oDNIvhIfT+b1tXEXtYNzNhx6V1Qak0VOQYoQbHNrTgsSt+QJ6j4A/xDxwnegG08sV5RQCTRA6sZq9g=="
        },
        "node_modules/engine": {
            "resolved": "../engine",
            "link": true
        },
        "node_modules/gfx": {
            "resolved": "../gfx/declare",
            "link": true
        }
    },
    "dependencies": {
        "@esotericsoftware/spine-core": {
            "version": "4.2.23",
            "resolved": "https://registry.npmjs.org/@esotericsoftware/spine-core/-/spine-core-4.2.23.tgz",
            "integrity": "sha512-B6A5O4X5oDNIvhIfT+b1tXEXtYNzNhx6V1Qak0VOQYoQbHNrTgsSt+QJ6j4A/xDxwnegG08sV5RQCTRA6sZq9g=="
        },
        "engine": {
            "version": "file:../engine",
            "requires": {
                "assets": "file:../assets",
                "bastard": "file:../bastard",
                "boot": "file:../boot/declare",
                "bundling": "file:../bundling",
                "gfx": "file:../gfx/declare",
                "yaml": "^2.3.2"
            }
        },
        "gfx": {
            "version": "file:../gfx/declare",
            "requires": {
                "gfx-common": "file:../common"
            }
        }
    }
}
