{
  "name": "web",
  "lockfileVersion": 2,
  "requires": true,
  "packages": {
    "": {
      "dependencies": {
        "boot": "file:../declare",
        "bundling": "file:../../bundling",
        "gfx": "file:../../gfx/webgl2"
      }
    },
    "../../assets": {
      "extraneous": true,
      "dependencies": {
        "loader": "file:../loader/declare"
      }
    },
    "../../bundling": {
      "dependencies": {
        "assets": "file:../assets"
      }
    },
    "../../gfx/declare": {
      "name": "gfx",
      "extraneous": true,
      "dependencies": {
        "gfx-common": "file:../common"
      }
    },
    "../../gfx/webgl2": {
      "name": "gfx",
      "dependencies": {
        "gfx": "file:../declare"
      }
    },
    "../../loader/declare": {
      "name": "loader",
      "extraneous": true
    },
    "../declare": {
      "name": "boot",
      "dependencies": {
        "gfx": "file:../../gfx/declare"
      }
    },
    "node_modules/boot": {
      "resolved": "../declare",
      "link": true
    },
    "node_modules/bundling": {
      "resolved": "../../bundling",
      "link": true
    },
    "node_modules/gfx": {
      "resolved": "../../gfx/webgl2",
      "link": true
    }
  },
  "dependencies": {
    "boot": {
      "version": "file:../declare",
      "requires": {
        "gfx": "file:../../gfx/declare"
      }
    },
    "bundling": {
      "version": "file:../../bundling",
      "requires": {
        "assets": "file:../assets"
      }
    },
    "gfx": {
      "version": "file:../../gfx/webgl2",
      "requires": {
        "gfx": "file:../declare"
      }
    }
  }
}
