{
  "name": "main",
  "lockfileVersion": 2,
  "requires": true,
  "packages": {
    "": {
      "dependencies": {
        "gfx": "file:../../../../script/gfx/declare"
      }
    },
    "../../../../script/gfx/declare": {},
    "node_modules/gfx": {
      "resolved": "../../../../script/gfx/declare",
      "link": true
    }
  },
  "dependencies": {
    "gfx": {
      "version": "file:../../../../script/gfx/declare"
    }
  }
}
