{
    "name": "engine-web",
    "lockfileVersion": 2,
    "requires": true,
    "packages": {
        "": {
            "name": "engine-web",
            "dependencies": {
                "engine-main": "file:../main",
                "gfx-webgl": "file:../../gfx/webgl"
            }
        },
        "../../gfx/webgl": {
            "name": "gfx-webgl",
            "dependencies": {
                "gfx-main": "file:../main"
            }
        },
        "../main": {
            "dependencies": {
                "@esotericsoftware/spine-core": "^4.2.18",
                "gfx-main": "file:../../gfx/main",
                "yaml": "^2.3.2"
            }
        },
        "node_modules/engine-main": {
            "resolved": "../main",
            "link": true
        },
        "node_modules/gfx-webgl": {
            "resolved": "../../gfx/webgl",
            "link": true
        }
    },
    "dependencies": {
        "engine-main": {
            "version": "file:../main",
            "requires": {
                "@esotericsoftware/spine-core": "^4.2.18",
                "gfx-main": "file:../../gfx/main",
                "yaml": "^2.3.2"
            }
        },
        "gfx-webgl": {
            "version": "file:../../gfx/webgl",
            "requires": {
                "gfx-main": "file:../main"
            }
        }
    }
}
