{
    "name": "engine-web",
    "lockfileVersion": 2,
    "requires": true,
    "packages": {
        "": {
            "name": "engine-web",
            "dependencies": {
                "engine-main": "file:../main",
                "gfx": "file:../../gfx/declare",
                "loader": "file:../../loader/declare"
            }
        },
        "../../gfx/declare": {
            "name": "gfx"
        },
        "../../gfx/main": {
            "name": "gfx-main",
            "extraneous": true
        },
        "../../gfx/webgl": {
            "name": "gfx-webgl",
            "extraneous": true,
            "dependencies": {
                "gfx-main": "file:../main"
            }
        },
        "../../loader/declare": {},
        "../main": {
            "name": "engine-main",
            "dependencies": {
                "@esotericsoftware/spine-core": "^4.2.18",
                "gfx": "file:../../gfx/declare",
                "phys": "file:../../phys/declare",
                "yaml": "^2.3.2"
            }
        },
        "node_modules/engine-main": {
            "resolved": "../main",
            "link": true
        },
        "node_modules/gfx": {
            "resolved": "../../gfx/declare",
            "link": true
        },
        "node_modules/loader": {
            "resolved": "../../loader/declare",
            "link": true
        }
    },
    "dependencies": {
        "engine-main": {
            "version": "file:../main",
            "requires": {
                "@esotericsoftware/spine-core": "^4.2.18",
                "gfx": "file:../../gfx/declare",
                "phys": "file:../../phys/declare",
                "yaml": "^2.3.2"
            }
        },
        "gfx": {
            "version": "file:../../gfx/declare"
        },
        "loader": {
            "version": "file:../../loader/declare"
        }
    }
}
