{
  "name": "main",
  "lockfileVersion": 2,
  "requires": true,
  "packages": {
    "": {
      "name": "main",
      "dependencies": {
        "engine": "file:../../../script/engine",
        "flex": "file:../../../script/flex2",
        "physics": "file:../../../script/physics"
      }
    },
    "../../../script/engine": {
      "dependencies": {
        "assets": "file:../assets",
        "bastard": "file:../bastard",
        "boot": "file:../boot/declare",
        "bundling": "file:../bundling",
        "gfx": "file:../gfx/declare",
        "yaml": "^2.3.2"
      }
    },
    "../../../script/flex": {
      "extraneous": true,
      "dependencies": {
        "bastard": "file:../bastard",
        "boot": "file:../boot/declare",
        "bundling": "file:../bundling",
        "engine": "file:../engine"
      }
    },
    "../../../script/flex2": {
      "name": "flex",
      "dependencies": {
        "bastard": "file:../bastard",
        "boot": "file:../boot/declare",
        "bundling": "file:../bundling",
        "engine": "file:../engine",
        "yoga": "file:../yoga/declare"
      }
    },
    "../../../script/physics": {
      "dependencies": {
        "engine": "file:../engine",
        "phys": "file:../phys/declare"
      }
    },
    "node_modules/engine": {
      "resolved": "../../../script/engine",
      "link": true
    },
    "node_modules/flex": {
      "resolved": "../../../script/flex2",
      "link": true
    },
    "node_modules/physics": {
      "resolved": "../../../script/physics",
      "link": true
    }
  },
  "dependencies": {
    "engine": {
      "version": "file:../../../script/engine",
      "requires": {
        "assets": "file:../assets",
        "bastard": "file:../bastard",
        "boot": "file:../boot/declare",
        "bundling": "file:../bundling",
        "gfx": "file:../gfx/declare",
        "yaml": "^2.3.2"
      }
    },
    "flex": {
      "version": "file:../../../script/flex2",
      "requires": {
        "bastard": "file:../bastard",
        "boot": "file:../boot/declare",
        "bundling": "file:../bundling",
        "engine": "file:../engine",
        "yoga": "file:../yoga/declare"
      }
    },
    "physics": {
      "version": "file:../../../script/physics",
      "requires": {
        "engine": "file:../engine",
        "phys": "file:../phys/declare"
      }
    }
  }
}
