{
    "name": "web",
    "lockfileVersion": 2,
    "requires": true,
    "packages": {
        "": {
            "devDependencies": {
                "@rollup/plugin-alias": "^5.0.0"
            }
        },
        "../../../../script/engine/main": {
            "name": "engine-main",
            "extraneous": true,
            "dependencies": {
                "@esotericsoftware/spine-core": "^4.2.18",
                "yaml": "^2.3.2"
            }
        },
        "../../../../script/engine/web": {
            "name": "engine-web",
            "extraneous": true
        },
        "../../../../script/gfx/main": {
            "name": "gfx-main",
            "extraneous": true
        },
        "../../../../script/gfx/webgl": {
            "name": "gfx-webgl",
            "extraneous": true
        },
        "node_modules/@rollup/plugin-alias": {
            "version": "5.0.0",
            "resolved": "https://registry.npmjs.org/@rollup/plugin-alias/-/plugin-alias-5.0.0.tgz",
            "integrity": "sha512-l9hY5chSCjuFRPsnRm16twWBiSApl2uYFLsepQYwtBuAxNMQ/1dJqADld40P0Jkqm65GRTLy/AC6hnpVebtLsA==",
            "dev": true,
            "dependencies": {
                "slash": "^4.0.0"
            },
            "engines": {
                "node": ">=14.0.0"
            },
            "peerDependencies": {
                "rollup": "^1.20.0||^2.0.0||^3.0.0"
            },
            "peerDependenciesMeta": {
                "rollup": {
                    "optional": true
                }
            }
        },
        "node_modules/slash": {
            "version": "4.0.0",
            "resolved": "https://registry.npmjs.org/slash/-/slash-4.0.0.tgz",
            "integrity": "sha512-3dOsAHXXUkQTpOYcoAxLIorMTp4gIQr5IW3iVb7A7lFIp0VHhnynm9izx6TssdrIcVIESAlVjtnO2K8bg+Coew==",
            "dev": true,
            "engines": {
                "node": ">=12"
            },
            "funding": {
                "url": "https://github.com/sponsors/sindresorhus"
            }
        }
    },
    "dependencies": {
        "@rollup/plugin-alias": {
            "version": "5.0.0",
            "resolved": "https://registry.npmjs.org/@rollup/plugin-alias/-/plugin-alias-5.0.0.tgz",
            "integrity": "sha512-l9hY5chSCjuFRPsnRm16twWBiSApl2uYFLsepQYwtBuAxNMQ/1dJqADld40P0Jkqm65GRTLy/AC6hnpVebtLsA==",
            "dev": true,
            "requires": {
                "slash": "^4.0.0"
            }
        },
        "slash": {
            "version": "4.0.0",
            "resolved": "https://registry.npmjs.org/slash/-/slash-4.0.0.tgz",
            "integrity": "sha512-3dOsAHXXUkQTpOYcoAxLIorMTp4gIQr5IW3iVb7A7lFIp0VHhnynm9izx6TssdrIcVIESAlVjtnO2K8bg+Coew==",
            "dev": true
        }
    }
}
