{
    "name": "web",
    "lockfileVersion": 2,
    "requires": true,
    "packages": {
        "": {
            "dependencies": {
                "engine-web": "file:../../../../script/engine/web",
                "main": "file:../main"
            }
        },
        "../../../../script/engine/web": {
            "name": "engine-web",
            "dependencies": {
                "engine-main": "file:../main",
                "gfx-main": "file:../../gfx/main",
                "gfx-webgl": "file:../../gfx/webgl"
            }
        },
        "../main": {
            "dependencies": {
                "engine-main": "file:../../../../script/engine/main"
            }
        },
        "node_modules/engine-web": {
            "resolved": "../../../../script/engine/web",
            "link": true
        },
        "node_modules/main": {
            "resolved": "../main",
            "link": true
        }
    },
    "dependencies": {
        "engine-web": {
            "version": "file:../../../../script/engine/web",
            "requires": {
                "engine-main": "file:../main",
                "gfx-main": "file:../../gfx/main",
                "gfx-webgl": "file:../../gfx/webgl"
            }
        },
        "main": {
            "version": "file:../main",
            "requires": {
                "engine-main": "file:../../../../script/engine/main"
            }
        }
    }
}
