{
    "name": "puttyknife",
    "lockfileVersion": 3,
    "requires": true,
    "packages": {
        "": {
            "name": "puttyknife",
            "dependencies": {
                "puttyknife": "file:../declare"
            }
        },
        "../declare": {
            "name": "puttyknife"
        },
        "node_modules/puttyknife": {
            "resolved": "../declare",
            "link": true
        }
    }
}
