{
    "name": "gfx",
    "lockfileVersion": 2,
    "requires": true,
    "packages": {
        "": {
            "name": "gfx",
            "dependencies": {
                "gfx-common": "file:../common"
            }
        },
        "../common": {},
        "node_modules/gfx-common": {
            "resolved": "../common",
            "link": true
        }
    },
    "dependencies": {
        "gfx-common": {
            "version": "file:../common"
        }
    }
}
