{
  "name": "spi",
  "lockfileVersion": 3,
  "requires": true,
  "packages": {
    "": {
      "name": "spi",
      "dependencies": {
        "spi": "file:../declare"
      }
    },
    "../declare": {
      "name": "spi",
      "dependencies": {
        "puttyknife": "file:../../../puttyknife/declare"
      }
    },
    "node_modules/spi": {
      "resolved": "../declare",
      "link": true
    }
  }
}
