{
  "name": "puttyknife",
  "lockfileVersion": 3,
  "requires": true,
  "packages": {
    "": {
      "name": "puttyknife",
      "dependencies": {
        "pk": "file:../../../puttyknife/declare"
      }
    },
    "../../../puttyknife/declare": {
      "name": "pk"
    },
    "node_modules/pk": {
      "resolved": "../../../puttyknife/declare",
      "link": true
    }
  }
}
