{
  "name": "script",
  "lockfileVersion": 3,
  "requires": true,
  "packages": {
    "": {
      "dependencies": {
        "bundling": "file:../../../script/bundling",
        "engine": "file:../../../script/engine",
        "flex": "file:../../../script/flex",
        "spine2": "file:../../../script/spine2"
      }
    },
    "../../../script/bundling": {
      "dependencies": {
        "assets": "file:../assets"
      }
    },
    "../../../script/engine": {
      "dependencies": {
        "assets": "file:../assets",
        "bastard": "file:../bastard",
        "boot": "file:../boot/declare",
        "bundling": "file:../bundling",
        "gfx": "file:../gfx/declare",
        "yaml": "^2.3.2"
      }
    },
    "../../../script/flex": {
      "dependencies": {
        "bastard": "file:../bastard",
        "boot": "file:../boot/declare",
        "bundling": "file:../bundling",
        "engine": "file:../engine"
      }
    },
    "../../../script/sp/3.6.53-wasm": {
      "extraneous": true,
      "dependencies": {
        "boot": "file:../../boot/declare",
        "bundling": "file:../../bundling"
      }
    },
    "../../../script/spine2": {
      "dependencies": {
        "assets": "file:../assets",
        "boot": "file:../boot/declare",
        "bundling": "file:../bundling",
        "engine": "file:../engine",
        "gfx": "file:../gfx/declare"
      }
    },
    "node_modules/bundling": {
      "resolved": "../../../script/bundling",
      "link": true
    },
    "node_modules/engine": {
      "resolved": "../../../script/engine",
      "link": true
    },
    "node_modules/flex": {
      "resolved": "../../../script/flex",
      "link": true
    },
    "node_modules/spine2": {
      "resolved": "../../../script/spine2",
      "link": true
    }
  }
}
