{
    "name": "pk",
    "lockfileVersion": 3,
    "requires": true,
    "packages": {
        "": {
            "name": "pk",
            "dependencies": {
                "pk": "file:../declare"
            }
        },
        "../declare": {
            "name": "pk"
        },
        "node_modules/pk": {
            "resolved": "../declare",
            "link": true
        }
    }
}
