{
  "name": "main",
  "lockfileVersion": 2,
  "requires": true,
  "packages": {
    "": {
      "name": "main",
      "dependencies": {
        "engine": "file:../../../script/engine"
      }
    },
    "../../../script/engine": {
      "dependencies": {
        "@esotericsoftware/spine-core": "^4.2.18",
        "boot": "file:../boot/declare",
        "gfx": "file:../gfx/declare",
        "loader": "file:../loader/declare",
        "phys": "file:../phys/declare",
        "yaml": "^2.3.2"
      }
    },
    "node_modules/engine": {
      "resolved": "../../../script/engine",
      "link": true
    }
  },
  "dependencies": {
    "engine": {
      "version": "file:../../../script/engine",
      "requires": {
        "@esotericsoftware/spine-core": "^4.2.18",
        "boot": "file:../boot/declare",
        "gfx": "file:../gfx/declare",
        "loader": "file:../loader/declare",
        "phys": "file:../phys/declare",
        "yaml": "^2.3.2"
      }
    }
  }
}
