{
    "name": "boot",
    "lockfileVersion": 2,
    "requires": true,
    "packages": {
        "": {
            "name": "boot",
            "dependencies": {
                "gfx": "file:../../gfx/declare"
            }
        },
        "../../gfx/declare": {
            "name": "gfx",
            "dependencies": {
                "gfx-common": "file:../common"
            }
        },
        "node_modules/gfx": {
            "resolved": "../../gfx/declare",
            "link": true
        }
    },
    "dependencies": {
        "gfx": {
            "version": "file:../../gfx/declare",
            "requires": {
                "gfx-common": "file:../common"
            }
        }
    }
}
