{
    "name": "wx",
    "lockfileVersion": 2,
    "requires": true,
    "packages": {
        "../../../script/spine": {
            "extraneous": true,
            "dependencies": {
                "@esotericsoftware/spine-core": "^4.2.23",
                "engine": "file:../engine",
                "gfx": "file:../gfx/declare"
            }
        }
    }
}
