{
    "name": "engine-main",
    "lockfileVersion": 2,
    "requires": true,
    "packages": {
        "": {
            "name": "engine-main",
            "dependencies": {
                "@esotericsoftware/spine-core": "^4.2.18",
                "gfx-main": "file:../../gfx/main",
                "yaml": "^2.3.2"
            }
        },
        "../../gfx/main": {
            "name": "gfx-main"
        },
        "node_modules/@esotericsoftware/spine-core": {
            "version": "4.2.18",
            "resolved": "https://registry.npmjs.org/@esotericsoftware/spine-core/-/spine-core-4.2.18.tgz",
            "integrity": "sha512-RvjIhKgjUDrXVc/dSxwYANwimJfCn7XT/Scnk4etlerPWXzcq2xQml+kA/x2kxQiRLLhm4Fn6Xiri3T5Gkz82Q=="
        },
        "node_modules/gfx-main": {
            "resolved": "../../gfx/main",
            "link": true
        },
        "node_modules/yaml": {
            "version": "2.3.2",
            "resolved": "https://registry.npmjs.org/yaml/-/yaml-2.3.2.tgz",
            "integrity": "sha512-N/lyzTPaJasoDmfV7YTrYCI0G/3ivm/9wdG0aHuheKowWQwGTsK0Eoiw6utmzAnI6pkJa0DUVygvp3spqqEKXg==",
            "engines": {
                "node": ">= 14"
            }
        }
    },
    "dependencies": {
        "@esotericsoftware/spine-core": {
            "version": "4.2.18",
            "resolved": "https://registry.npmjs.org/@esotericsoftware/spine-core/-/spine-core-4.2.18.tgz",
            "integrity": "sha512-RvjIhKgjUDrXVc/dSxwYANwimJfCn7XT/Scnk4etlerPWXzcq2xQml+kA/x2kxQiRLLhm4Fn6Xiri3T5Gkz82Q=="
        },
        "gfx-main": {
            "version": "file:../../gfx/main"
        },
        "yaml": {
            "version": "2.3.2",
            "resolved": "https://registry.npmjs.org/yaml/-/yaml-2.3.2.tgz",
            "integrity": "sha512-N/lyzTPaJasoDmfV7YTrYCI0G/3ivm/9wdG0aHuheKowWQwGTsK0Eoiw6utmzAnI6pkJa0DUVygvp3spqqEKXg=="
        }
    }
}
