{
  "name": "main",
  "lockfileVersion": 2,
  "requires": true,
  "packages": {
    "": {
      "name": "main",
      "dependencies": {
        "engine-main": "file:../../../../script/engine/main"
      }
    },
    "../../../../script/engine/main": {
      "name": "engine-main",
      "dependencies": {
        "@esotericsoftware/spine-core": "^4.2.18",
        "gfx-main": "file:../../gfx/main",
        "yaml": "^2.3.2"
      }
    },
    "../../../../script/engine/main/node_modules/@esotericsoftware/spine-core": {
      "version": "4.2.18",
      "license": "LicenseRef-LICENSE"
    },
    "../../../../script/engine/main/node_modules/gfx-main": {
      "resolved": "../../../../script/gfx/main",
      "link": true
    },
    "../../../../script/engine/main/node_modules/yaml": {
      "version": "2.3.2",
      "license": "ISC",
      "engines": {
        "node": ">= 14"
      }
    },
    "../../../../script/gfx/main": {
      "name": "gfx-main"
    },
    "node_modules/engine-main": {
      "resolved": "../../../../script/engine/main",
      "link": true
    }
  },
  "dependencies": {
    "engine-main": {
      "version": "file:../../../../script/engine/main",
      "requires": {
        "@esotericsoftware/spine-core": "^4.2.18",
        "gfx-main": "file:../../gfx/main",
        "yaml": "^2.3.2"
      },
      "dependencies": {
        "@esotericsoftware/spine-core": {
          "version": "4.2.18"
        },
        "gfx-main": {
          "version": "file:../../../../script/gfx/main"
        },
        "yaml": {
          "version": "2.3.2"
        }
      }
    }
  }
}
