{
  "name": "3.6.53-wasm",
  "lockfileVersion": 3,
  "requires": true,
  "packages": {
    "": {
      "dependencies": {
        "boot": "file:../../boot/declare",
        "bundling": "file:../../bundling"
      }
    },
    "../../boot/declare": {
      "name": "boot",
      "dependencies": {
        "gfx": "file:../../gfx/declare"
      }
    },
    "../../bundling": {
      "dependencies": {
        "assets": "file:../assets"
      }
    },
    "node_modules/boot": {
      "resolved": "../../boot/declare",
      "link": true
    },
    "node_modules/bundling": {
      "resolved": "../../bundling",
      "link": true
    }
  }
}
