{
  "name": "jsb",
  "lockfileVersion": 2,
  "requires": true,
  "packages": {
    "": {
      "dependencies": {
        "gfx": "file:../declare",
        "gfx-common": "file:../common"
      }
    },
    "../common": {
      "name": "gfx-common"
    },
    "../declare": {},
    "node_modules/gfx": {
      "resolved": "../declare",
      "link": true
    },
    "node_modules/gfx-common": {
      "resolved": "../common",
      "link": true
    }
  },
  "dependencies": {
    "gfx": {
      "version": "file:../declare"
    },
    "gfx-common": {
      "version": "file:../common"
    }
  }
}
