{
  "name": "jsb",
  "lockfileVersion": 2,
  "requires": true,
  "packages": {
    "": {
      "dependencies": {
        "gfx": "file:../declare"
      }
    },
    "../common": {
      "name": "gfx-common",
      "extraneous": true
    },
    "../declare": {
      "name": "gfx"
    },
    "node_modules/gfx": {
      "resolved": "../declare",
      "link": true
    }
  },
  "dependencies": {
    "gfx": {
      "version": "file:../declare"
    }
  }
}
