{
  "name": "puttyknife",
  "lockfileVersion": 3,
  "requires": true,
  "packages": {
    "": {
      "name": "puttyknife",
      "dependencies": {
        "bastard": "file:../../bastard",
        "boot": "file:../../boot/declare",
        "bundling": "file:../../bundling",
        "pk": "file:../../../puttyknife/wasm",
        "puttyknife": "file:../declare"
      }
    },
    "../../../puttyknife/wasm": {
      "name": "pk",
      "dependencies": {
        "pk": "file:../declare"
      }
    },
    "../../bastard": {},
    "../../boot/declare": {
      "name": "boot",
      "dependencies": {
        "gfx": "file:../../gfx/declare"
      }
    },
    "../../bundling": {
      "dependencies": {
        "assets": "file:../assets"
      }
    },
    "../declare": {
      "name": "puttyknife",
      "dependencies": {
        "pk": "file:../../../puttyknife/declare"
      }
    },
    "node_modules/bastard": {
      "resolved": "../../bastard",
      "link": true
    },
    "node_modules/boot": {
      "resolved": "../../boot/declare",
      "link": true
    },
    "node_modules/bundling": {
      "resolved": "../../bundling",
      "link": true
    },
    "node_modules/pk": {
      "resolved": "../../../puttyknife/wasm",
      "link": true
    },
    "node_modules/puttyknife": {
      "resolved": "../declare",
      "link": true
    }
  }
}
