{
  "name": "yoga",
  "lockfileVersion": 3,
  "requires": true,
  "packages": {
    "": {
      "name": "yoga",
      "dependencies": {
        "puttyknife": "file:../../../puttyknife/declare"
      }
    },
    "../../../puttyknife/declare": {
      "name": "puttyknife"
    },
    "node_modules/puttyknife": {
      "resolved": "../../../puttyknife/declare",
      "link": true
    }
  }
}
