{
  "name": "ammo",
  "lockfileVersion": 2,
  "requires": true,
  "packages": {
    "": {
      "dependencies": {
        "phys": "file:../declare"
      }
    },
    "../declare": {},
    "../main": {
      "extraneous": true
    },
    "node_modules/phys": {
      "resolved": "../declare",
      "link": true
    }
  },
  "dependencies": {
    "phys": {
      "version": "file:../declare"
    }
  }
}
