{
  "name": "ammo",
  "lockfileVersion": 2,
  "requires": true,
  "packages": {
    "": {
      "dependencies": {
        "boot": "file:../../boot/declare",
        "bundling": "file:../../bundling",
        "phys": "file:../declare"
      }
    },
    "../../boot/declare": {
      "name": "boot",
      "dependencies": {
        "gfx": "file:../../gfx/declare"
      }
    },
    "../../bundling": {
      "dependencies": {
        "assets": "file:../assets"
      }
    },
    "../declare": {
      "name": "phys"
    },
    "../main": {
      "extraneous": true
    },
    "node_modules/boot": {
      "resolved": "../../boot/declare",
      "link": true
    },
    "node_modules/bundling": {
      "resolved": "../../bundling",
      "link": true
    },
    "node_modules/phys": {
      "resolved": "../declare",
      "link": true
    }
  },
  "dependencies": {
    "boot": {
      "version": "file:../../boot/declare",
      "requires": {
        "gfx": "file:../../gfx/declare"
      }
    },
    "bundling": {
      "version": "file:../../bundling",
      "requires": {
        "assets": "file:../assets"
      }
    },
    "phys": {
      "version": "file:../declare"
    }
  }
}
