{
  "name": "script",
  "lockfileVersion": 3,
  "requires": true,
  "packages": {
    "": {
      "dependencies": {
        "bundling": "file:../../../script/bundling",
        "engine": "file:../../../script/engine",
        "flex": "file:../../../script/flex2",
        "phys": "file:../../../script/phys2/declare",
        "physics": "file:../../../script/physics2"
      }
    },
    "../../../script/bundling": {
      "dependencies": {
        "assets": "file:../assets"
      }
    },
    "../../../script/engine": {
      "dependencies": {
        "assets": "file:../assets",
        "bastard": "file:../bastard",
        "boot": "file:../boot/declare",
        "bundling": "file:../bundling",
        "gfx": "file:../gfx/declare",
        "yaml": "^2.3.2"
      }
    },
    "../../../script/flex2": {
      "name": "flex",
      "dependencies": {
        "bastard": "file:../bastard",
        "boot": "file:../boot/declare",
        "bundling": "file:../bundling",
        "engine": "file:../engine",
        "yoga": "file:../yoga/declare"
      }
    },
    "../../../script/phys2/declare": {
      "name": "phys",
      "dependencies": {
        "puttyknife": "file:../../../puttyknife/declare"
      }
    },
    "../../../script/physics2": {
      "name": "physics",
      "dependencies": {
        "engine": "file:../engine",
        "phys": "file:../phys2/declare"
      }
    },
    "node_modules/bundling": {
      "resolved": "../../../script/bundling",
      "link": true
    },
    "node_modules/engine": {
      "resolved": "../../../script/engine",
      "link": true
    },
    "node_modules/flex": {
      "resolved": "../../../script/flex2",
      "link": true
    },
    "node_modules/phys": {
      "resolved": "../../../script/phys2/declare",
      "link": true
    },
    "node_modules/physics": {
      "resolved": "../../../script/physics2",
      "link": true
    }
  }
}
