{
    "name": "physics",
    "lockfileVersion": 2,
    "requires": true,
    "packages": {
        "": {
            "name": "physics",
            "dependencies": {
                "engine": "file:../engine",
                "phys": "file:../phys/declare"
            }
        },
        "../engine": {
            "dependencies": {
                "@esotericsoftware/spine-core": "^4.2.18",
                "boot": "file:../boot/declare",
                "gfx": "file:../gfx/declare",
                "loader": "file:../loader/declare",
                "phys": "file:../phys/declare",
                "yaml": "^2.3.2"
            }
        },
        "../phys/declare": {},
        "node_modules/engine": {
            "resolved": "../engine",
            "link": true
        },
        "node_modules/phys": {
            "resolved": "../phys/declare",
            "link": true
        }
    },
    "dependencies": {
        "engine": {
            "version": "file:../engine",
            "requires": {
                "@esotericsoftware/spine-core": "^4.2.18",
                "boot": "file:../boot/declare",
                "gfx": "file:../gfx/declare",
                "loader": "file:../loader/declare",
                "phys": "file:../phys/declare",
                "yaml": "^2.3.2"
            }
        },
        "phys": {
            "version": "file:../phys/declare"
        }
    }
}
