{
  "name": "main",
  "lockfileVersion": 2,
  "requires": true,
  "packages": {
    "": {
      "dependencies": {
        "engine-main": "file:../../../../script/engine/main"
      }
    },
    "../../../../script/engine/main": {
      "dependencies": {
        "@esotericsoftware/spine-core": "^4.2.18",
        "gfx-main": "file:../../gfx/main",
        "yaml": "^2.3.2"
      }
    },
    "node_modules/engine-main": {
      "resolved": "../../../../script/engine/main",
      "link": true
    }
  },
  "dependencies": {
    "engine-main": {
      "version": "file:../../../../script/engine/main",
      "requires": {
        "@esotericsoftware/spine-core": "^4.2.18",
        "gfx-main": "file:../../gfx/main",
        "yaml": "^2.3.2"
      }
    }
  }
}
