{
    "name": "wx",
    "lockfileVersion": 2,
    "requires": true,
    "packages": {
        "": {
            "dependencies": {
                "engine-wx": "file:../../../../script/engine/wx",
                "main": "file:../main"
            }
        },
        "../../../../script/engine/wx": {
            "name": "engine-wx",
            "dependencies": {
                "engine-main": "file:../main",
                "gfx": "file:../../gfx/declare"
            }
        },
        "../main": {
            "dependencies": {
                "engine-main": "file:../../../../script/engine/main"
            }
        },
        "node_modules/engine-wx": {
            "resolved": "../../../../script/engine/wx",
            "link": true
        },
        "node_modules/main": {
            "resolved": "../main",
            "link": true
        }
    },
    "dependencies": {
        "engine-wx": {
            "version": "file:../../../../script/engine/wx",
            "requires": {
                "engine-main": "file:../main",
                "gfx": "file:../../gfx/declare"
            }
        },
        "main": {
            "version": "file:../main",
            "requires": {
                "engine-main": "file:../../../../script/engine/main"
            }
        }
    }
}
