{
  "name": "wx",
  "lockfileVersion": 2,
  "requires": true,
  "packages": {
    "": {
      "dependencies": {
        "gfx": "file:../../../../script/gfx/declare",
        "main": "file:../main"
      }
    },
    "../../../../script/gfx/declare": {
      "name": "gfx"
    },
    "../main": {
      "dependencies": {
        "gfx": "file:../../../../script/gfx/declare"
      }
    },
    "node_modules/gfx": {
      "resolved": "../../../../script/gfx/declare",
      "link": true
    },
    "node_modules/main": {
      "resolved": "../main",
      "link": true
    }
  },
  "dependencies": {
    "gfx": {
      "version": "file:../../../../script/gfx/declare"
    },
    "main": {
      "version": "file:../main",
      "requires": {
        "gfx": "file:../../../../script/gfx/declare"
      }
    }
  }
}
