{
  "name": "wx",
  "lockfileVersion": 2,
  "requires": true,
  "packages": {
    "": {
      "dependencies": {
        "boot": "file:../declare",
        "gfx": "file:../../gfx/declare"
      }
    },
    "../../gfx/declare": {
      "dependencies": {
        "gfx-common": "file:../common"
      }
    },
    "../declare": {},
    "node_modules/boot": {
      "resolved": "../declare",
      "link": true
    },
    "node_modules/gfx": {
      "resolved": "../../gfx/declare",
      "link": true
    }
  },
  "dependencies": {
    "boot": {
      "version": "file:../declare"
    },
    "gfx": {
      "version": "file:../../gfx/declare",
      "requires": {
        "gfx-common": "file:../common"
      }
    }
  }
}
