{
  "name": "engine-jsb",
  "lockfileVersion": 2,
  "requires": true,
  "packages": {
    "": {
      "name": "engine-jsb",
      "dependencies": {
        "engine-main": "file:../main",
        "loader": "file:../../loader/declare"
      }
    },
    "../../loader/declare": {},
    "../main": {
      "name": "engine-main",
      "dependencies": {
        "@esotericsoftware/spine-core": "^4.2.18",
        "gfx": "file:../../gfx/declare",
        "loader": "file:../../loader/declare",
        "phys": "file:../../phys/declare",
        "yaml": "^2.3.2"
      }
    },
    "node_modules/engine-main": {
      "resolved": "../main",
      "link": true
    },
    "node_modules/loader": {
      "resolved": "../../loader/declare",
      "link": true
    }
  },
  "dependencies": {
    "engine-main": {
      "version": "file:../main",
      "requires": {
        "@esotericsoftware/spine-core": "^4.2.18",
        "gfx": "file:../../gfx/declare",
        "loader": "file:../../loader/declare",
        "phys": "file:../../phys/declare",
        "yaml": "^2.3.2"
      }
    },
    "loader": {
      "version": "file:../../loader/declare"
    }
  }
}
