{
    "name": "engine",
    "lockfileVersion": 2,
    "requires": true,
    "packages": {
        "": {
            "name": "engine",
            "dependencies": {
                "assets": "file:../assets",
                "bastard": "file:../bastard",
                "boot": "file:../boot/declare",
                "bundling": "file:../bundling",
                "gfx": "file:../gfx/declare",
                "puttyknife": "file:../puttyknife/declare",
                "yaml": "^2.3.2"
            }
        },
        "../assets": {
            "dependencies": {
                "boot": "file:../boot/declare"
            }
        },
        "../bastard": {},
        "../boot/declare": {
            "name": "boot",
            "dependencies": {
                "gfx": "file:../../gfx/declare"
            }
        },
        "../bundling": {
            "dependencies": {
                "assets": "file:../assets"
            }
        },
        "../gfx/declare": {
            "name": "gfx"
        },
        "../loader/declare": {
            "name": "loader",
            "extraneous": true
        },
        "../phys/declare": {
            "name": "phys",
            "extraneous": true
        },
        "../puttyknife/declare": {
            "name": "puttyknife",
            "dependencies": {
                "pk": "file:../../../puttyknife/declare"
            }
        },
        "node_modules/assets": {
            "resolved": "../assets",
            "link": true
        },
        "node_modules/bastard": {
            "resolved": "../bastard",
            "link": true
        },
        "node_modules/boot": {
            "resolved": "../boot/declare",
            "link": true
        },
        "node_modules/bundling": {
            "resolved": "../bundling",
            "link": true
        },
        "node_modules/gfx": {
            "resolved": "../gfx/declare",
            "link": true
        },
        "node_modules/puttyknife": {
            "resolved": "../puttyknife/declare",
            "link": true
        },
        "node_modules/yaml": {
            "version": "2.3.2",
            "resolved": "https://registry.npmjs.org/yaml/-/yaml-2.3.2.tgz",
            "integrity": "sha512-N/lyzTPaJasoDmfV7YTrYCI0G/3ivm/9wdG0aHuheKowWQwGTsK0Eoiw6utmzAnI6pkJa0DUVygvp3spqqEKXg==",
            "engines": {
                "node": ">= 14"
            }
        }
    },
    "dependencies": {
        "assets": {
            "version": "file:../assets",
            "requires": {
                "boot": "file:../boot/declare"
            }
        },
        "bastard": {
            "version": "file:../bastard"
        },
        "boot": {
            "version": "file:../boot/declare",
            "requires": {
                "gfx": "file:../../gfx/declare"
            }
        },
        "bundling": {
            "version": "file:../bundling",
            "requires": {
                "assets": "file:../assets"
            }
        },
        "gfx": {
            "version": "file:../gfx/declare"
        },
        "puttyknife": {
            "version": "file:../puttyknife/declare",
            "requires": {
                "pk": "file:../../../puttyknife/declare"
            }
        },
        "yaml": {
            "version": "2.3.2",
            "resolved": "https://registry.npmjs.org/yaml/-/yaml-2.3.2.tgz",
            "integrity": "sha512-N/lyzTPaJasoDmfV7YTrYCI0G/3ivm/9wdG0aHuheKowWQwGTsK0Eoiw6utmzAnI6pkJa0DUVygvp3spqqEKXg=="
        }
    }
}
