{
  "name": "script",
  "lockfileVersion": 2,
  "requires": true,
  "packages": {
    "": {
      "dependencies": {
        "yaml": "^2.3.0"
      }
    },
    "node_modules/yaml": {
      "version": "2.3.0",
      "resolved": "https://registry.npmjs.org/yaml/-/yaml-2.3.0.tgz",
      "integrity": "sha512-8/1wgzdKc7bc9E6my5wZjmdavHLvO/QOmLG1FBugblEvY4IXrLjlViIOmL24HthU042lWTDRO90Fz1Yp66UnMw==",
      "engines": {
        "node": ">= 14",
        "npm": ">= 7"
      }
    }
  },
  "dependencies": {
    "yaml": {
      "version": "2.3.0",
      "resolved": "https://registry.npmjs.org/yaml/-/yaml-2.3.0.tgz",
      "integrity": "sha512-8/1wgzdKc7bc9E6my5wZjmdavHLvO/QOmLG1FBugblEvY4IXrLjlViIOmL24HthU042lWTDRO90Fz1Yp66UnMw=="
    }
  }
}
