{
    "name": "engine",
    "lockfileVersion": 2,
    "requires": true,
    "packages": {
        "": {
            "name": "engine",
            "dependencies": {
                "boot": "file:../boot/declare",
                "gfx": "file:../gfx/declare",
                "loader": "file:../loader/declare",
                "yaml": "^2.3.2"
            }
        },
        "../boot/declare": {
            "name": "boot",
            "dependencies": {
                "gfx": "file:../../gfx/declare"
            }
        },
        "../gfx/declare": {
            "name": "gfx",
            "dependencies": {
                "gfx-common": "file:../common"
            }
        },
        "../loader/declare": {
            "name": "loader"
        },
        "../phys/declare": {
            "name": "phys",
            "extraneous": true
        },
        "node_modules/boot": {
            "resolved": "../boot/declare",
            "link": true
        },
        "node_modules/gfx": {
            "resolved": "../gfx/declare",
            "link": true
        },
        "node_modules/loader": {
            "resolved": "../loader/declare",
            "link": true
        },
        "node_modules/yaml": {
            "version": "2.3.2",
            "resolved": "https://registry.npmjs.org/yaml/-/yaml-2.3.2.tgz",
            "integrity": "sha512-N/lyzTPaJasoDmfV7YTrYCI0G/3ivm/9wdG0aHuheKowWQwGTsK0Eoiw6utmzAnI6pkJa0DUVygvp3spqqEKXg==",
            "engines": {
                "node": ">= 14"
            }
        }
    },
    "dependencies": {
        "boot": {
            "version": "file:../boot/declare",
            "requires": {
                "gfx": "file:../../gfx/declare"
            }
        },
        "gfx": {
            "version": "file:../gfx/declare",
            "requires": {
                "gfx-common": "file:../common"
            }
        },
        "loader": {
            "version": "file:../loader/declare"
        },
        "yaml": {
            "version": "2.3.2",
            "resolved": "https://registry.npmjs.org/yaml/-/yaml-2.3.2.tgz",
            "integrity": "sha512-N/lyzTPaJasoDmfV7YTrYCI0G/3ivm/9wdG0aHuheKowWQwGTsK0Eoiw6utmzAnI6pkJa0DUVygvp3spqqEKXg=="
        }
    }
}
