{
  "name": "bundling",
  "lockfileVersion": 2,
  "requires": true,
  "packages": {
    "": {
      "name": "bundling",
      "dependencies": {
        "assets": "file:../assets"
      }
    },
    "../assets": {
      "dependencies": {
        "boot": "file:../boot/declare"
      }
    },
    "node_modules/assets": {
      "resolved": "../assets",
      "link": true
    }
  },
  "dependencies": {
    "assets": {
      "version": "file:../assets",
      "requires": {
        "boot": "file:../boot/declare"
      }
    }
  }
}
