{
    "name": "assets",
    "lockfileVersion": 2,
    "requires": true,
    "packages": {
        "": {
            "name": "assets",
            "dependencies": {
                "loader": "file:../loader/declare"
            }
        },
        "../loader/declare": {},
        "node_modules/loader": {
            "resolved": "../loader/declare",
            "link": true
        }
    },
    "dependencies": {
        "loader": {
            "version": "file:../loader/declare"
        }
    }
}
