{
    "name": "assets",
    "lockfileVersion": 2,
    "requires": true,
    "packages": {
        "": {
            "name": "assets",
            "dependencies": {
                "boot": "file:../boot/declare"
            }
        },
        "../boot/declare": {
            "dependencies": {
                "gfx": "file:../../gfx/declare"
            }
        },
        "../loader/declare": {
            "extraneous": true
        },
        "node_modules/boot": {
            "resolved": "../boot/declare",
            "link": true
        }
    },
    "dependencies": {
        "boot": {
            "version": "file:../boot/declare",
            "requires": {
                "gfx": "file:../../gfx/declare"
            }
        }
    }
}
