{
  "name": "jsb",
  "lockfileVersion": 3,
  "requires": true,
  "packages": {
    "": {
      "dependencies": {
        "pk": "file:../../../puttyknife/jsb",
        "puttyknife": "file:../declare"
      }
    },
    "../../../puttyknife/jsb": {
      "name": "pk",
      "dependencies": {
        "pk": "file:../declare"
      }
    },
    "../declare": {
      "name": "puttyknife",
      "dependencies": {
        "pk": "file:../../../puttyknife/declare"
      }
    },
    "node_modules/pk": {
      "resolved": "../../../puttyknife/jsb",
      "link": true
    },
    "node_modules/puttyknife": {
      "resolved": "../declare",
      "link": true
    }
  }
}
