{
  "name": "phys",
  "lockfileVersion": 3,
  "requires": true,
  "packages": {
    "": {
      "name": "phys",
      "dependencies": {
        "phys": "file:../declare"
      }
    },
    "../declare": {
      "name": "phys",
      "dependencies": {
        "puttyknife": "file:../../../puttyknife/declare"
      }
    },
    "node_modules/phys": {
      "resolved": "../declare",
      "link": true
    }
  }
}
