{
  "name": "jsb",
  "lockfileVersion": 2,
  "requires": true,
  "packages": {
    "": {
      "dependencies": {
        "boot": "file:../declare",
        "gfx": "file:../../gfx/declare",
        "loader": "file:../../loader/declare"
      }
    },
    "../../gfx/declare": {
      "name": "gfx"
    },
    "../../loader/declare": {
      "name": "loader"
    },
    "../declare": {
      "name": "boot",
      "dependencies": {
        "gfx": "file:../../gfx/declare"
      }
    },
    "node_modules/boot": {
      "resolved": "../declare",
      "link": true
    },
    "node_modules/gfx": {
      "resolved": "../../gfx/declare",
      "link": true
    },
    "node_modules/loader": {
      "resolved": "../../loader/declare",
      "link": true
    }
  },
  "dependencies": {
    "boot": {
      "version": "file:../declare",
      "requires": {
        "gfx": "file:../../gfx/declare"
      }
    },
    "gfx": {
      "version": "file:../../gfx/declare"
    },
    "loader": {
      "version": "file:../../loader/declare"
    }
  }
}
