{
    "name": "physics",
    "lockfileVersion": 3,
    "requires": true,
    "packages": {
        "": {
            "name": "physics",
            "dependencies": {
                "engine": "file:../engine",
                "phys": "file:../phys2/declare"
            }
        },
        "../engine": {
            "dependencies": {
                "assets": "file:../assets",
                "bastard": "file:../bastard",
                "boot": "file:../boot/declare",
                "bundling": "file:../bundling",
                "gfx": "file:../gfx/declare",
                "yaml": "^2.3.2"
            }
        },
        "../phys2/declare": {
            "name": "phys",
            "dependencies": {
                "puttyknife": "file:../../../puttyknife/declare"
            }
        },
        "node_modules/engine": {
            "resolved": "../engine",
            "link": true
        },
        "node_modules/phys": {
            "resolved": "../phys2/declare",
            "link": true
        }
    }
}
