{
    "name": "jsb",
    "lockfileVersion": 2,
    "requires": true,
    "packages": {
        "": {
            "dependencies": {
                "engine-jsb": "file:../../../../script/engine/jsb",
                "main": "file:../main"
            }
        },
        "../../../../script/engine/jsb": {
            "name": "engine-jsb",
            "dependencies": {
                "engine-main": "file:../main"
            }
        },
        "../main": {
            "dependencies": {
                "engine-main": "file:../../../../script/engine/main"
            }
        },
        "node_modules/engine-jsb": {
            "resolved": "../../../../script/engine/jsb",
            "link": true
        },
        "node_modules/main": {
            "resolved": "../main",
            "link": true
        }
    },
    "dependencies": {
        "engine-jsb": {
            "version": "file:../../../../script/engine/jsb",
            "requires": {
                "engine-main": "file:../main"
            }
        },
        "main": {
            "version": "file:../main",
            "requires": {
                "engine-main": "file:../../../../script/engine/main"
            }
        }
    }
}
