{
  "name": "script",
  "lockfileVersion": 2,
  "requires": true,
  "packages": {
    "": {
      "dependencies": {
        "engine": "file:../../../script/engine",
        "gfx": "file:../../../script/gfx/declare"
      }
    },
    "../../../script/engine": {
      "dependencies": {
        "assets": "file:../assets",
        "boot": "file:../boot/declare",
        "bundling": "file:../bundling",
        "gfx": "file:../gfx/declare",
        "yaml": "^2.3.2"
      }
    },
    "../../../script/gfx/declare": {
      "dependencies": {
        "gfx-common": "file:../common"
      }
    },
    "node_modules/engine": {
      "resolved": "../../../script/engine",
      "link": true
    },
    "node_modules/gfx": {
      "resolved": "../../../script/gfx/declare",
      "link": true
    }
  },
  "dependencies": {
    "engine": {
      "version": "file:../../../script/engine",
      "requires": {
        "assets": "file:../assets",
        "boot": "file:../boot/declare",
        "bundling": "file:../bundling",
        "gfx": "file:../gfx/declare",
        "yaml": "^2.3.2"
      }
    },
    "gfx": {
      "version": "file:../../../script/gfx/declare",
      "requires": {
        "gfx-common": "file:../common"
      }
    }
  }
}
