{
    "name": "gfx-webgl",
    "lockfileVersion": 2,
    "requires": true,
    "packages": {
        "": {
            "name": "gfx-webgl",
            "dependencies": {
                "gfx-main": "file:../main"
            }
        },
        "../main": {
            "name": "gfx-main"
        },
        "node_modules/gfx-main": {
            "resolved": "../main",
            "link": true
        }
    },
    "dependencies": {
        "gfx-main": {
            "version": "file:../main"
        }
    }
}
